// !$*UTF8*$!
{
	archiveVersion = 1;
	classes = {
	};
	objectVersion = 50;
	objects = {

/* Begin PBXBuildFile section */
		A20D427926E006E000CCD6DF /* AppDelegate.swift in Sources */ = {isa = PBXBuildFile; fileRef = A20D427826E006E000CCD6DF /* AppDelegate.swift */; };
		A20D427B26E006E000CCD6DF /* SceneDelegate.swift in Sources */ = {isa = PBXBuildFile; fileRef = A20D427A26E006E000CCD6DF /* SceneDelegate.swift */; };
		A20D428226E006E300CCD6DF /* Assets.xcassets in Resources */ = {isa = PBXBuildFile; fileRef = A20D428126E006E300CCD6DF /* Assets.xcassets */; };
		A20D428526E006E300CCD6DF /* LaunchScreen.storyboard in Resources */ = {isa = PBXBuildFile; fileRef = A20D428326E006E300CCD6DF /* LaunchScreen.storyboard */; };
		A20D429026E006E300CCD6DF /* QuizAppViewControllerTests.swift in Sources */ = {isa = PBXBuildFile; fileRef = A20D428F26E006E300CCD6DF /* QuizAppViewControllerTests.swift */; };
		A20D429B26E006E300CCD6DF /* QuizAppUITests.swift in Sources */ = {isa = PBXBuildFile; fileRef = A20D429A26E006E300CCD6DF /* QuizAppUITests.swift */; };
		A20D42B526E009D500CCD6DF /* QuestionViewController.swift in Sources */ = {isa = PBXBuildFile; fileRef = A20D42B426E009D500CCD6DF /* QuestionViewController.swift */; };
		A20D42BA26E00AE300CCD6DF /* QuestionViewController.xib in Resources */ = {isa = PBXBuildFile; fileRef = A20D42B926E00AE300CCD6DF /* QuestionViewController.xib */; };
/* End PBXBuildFile section */

/* Begin PBXContainerItemProxy section */
		A20D428C26E006E300CCD6DF /* PBXContainerItemProxy */ = {
			isa = PBXContainerItemProxy;
			containerPortal = A20D426D26E006E000CCD6DF /* Project object */;
			proxyType = 1;
			remoteGlobalIDString = A20D427426E006E000CCD6DF;
			remoteInfo = QuizApp;
		};
		A20D429726E006E300CCD6DF /* PBXContainerItemProxy */ = {
			isa = PBXContainerItemProxy;
			containerPortal = A20D426D26E006E000CCD6DF /* Project object */;
			proxyType = 1;
			remoteGlobalIDString = A20D427426E006E000CCD6DF;
			remoteInfo = QuizApp;
		};
/* End PBXContainerItemProxy section */

/* Begin PBXFileReference section */
		A20D427526E006E000CCD6DF /* QuizApp.app */ = {isa = PBXFileReference; explicitFileType = wrapper.application; includeInIndex = 0; path = QuizApp.app; sourceTree = BUILT_PRODUCTS_DIR; };
		A20D427826E006E000CCD6DF /* AppDelegate.swift */ = {isa = PBXFileReference; lastKnownFileType = sourcecode.swift; path = AppDelegate.swift; sourceTree = "<group>"; };
		A20D427A26E006E000CCD6DF /* SceneDelegate.swift */ = {isa = PBXFileReference; lastKnownFileType = sourcecode.swift; path = SceneDelegate.swift; sourceTree = "<group>"; };
		A20D428126E006E300CCD6DF /* Assets.xcassets */ = {isa = PBXFileReference; lastKnownFileType = folder.assetcatalog; path = Assets.xcassets; sourceTree = "<group>"; };
		A20D428426E006E300CCD6DF /* Base */ = {isa = PBXFileReference; lastKnownFileType = file.storyboard; name = Base; path = Base.lproj/LaunchScreen.storyboard; sourceTree = "<group>"; };
		A20D428626E006E300CCD6DF /* Info.plist */ = {isa = PBXFileReference; lastKnownFileType = text.plist.xml; path = Info.plist; sourceTree = "<group>"; };
		A20D428B26E006E300CCD6DF /* QuizAppTests.xctest */ = {isa = PBXFileReference; explicitFileType = wrapper.cfbundle; includeInIndex = 0; path = QuizAppTests.xctest; sourceTree = BUILT_PRODUCTS_DIR; };
		A20D428F26E006E300CCD6DF /* QuizAppViewControllerTests.swift */ = {isa = PBXFileReference; lastKnownFileType = sourcecode.swift; path = QuizAppViewControllerTests.swift; sourceTree = "<group>"; };
		A20D429126E006E300CCD6DF /* Info.plist */ = {isa = PBXFileReference; lastKnownFileType = text.plist.xml; path = Info.plist; sourceTree = "<group>"; };
		A20D429626E006E300CCD6DF /* QuizAppUITests.xctest */ = {isa = PBXFileReference; explicitFileType = wrapper.cfbundle; includeInIndex = 0; path = QuizAppUITests.xctest; sourceTree = BUILT_PRODUCTS_DIR; };
		A20D429A26E006E300CCD6DF /* QuizAppUITests.swift */ = {isa = PBXFileReference; lastKnownFileType = sourcecode.swift; path = QuizAppUITests.swift; sourceTree = "<group>"; };
		A20D429C26E006E300CCD6DF /* Info.plist */ = {isa = PBXFileReference; lastKnownFileType = text.plist.xml; path = Info.plist; sourceTree = "<group>"; };
		A20D42B426E009D500CCD6DF /* QuestionViewController.swift */ = {isa = PBXFileReference; lastKnownFileType = sourcecode.swift; path = QuestionViewController.swift; sourceTree = "<group>"; };
		A20D42B926E00AE300CCD6DF /* QuestionViewController.xib */ = {isa = PBXFileReference; lastKnownFileType = file.xib; path = QuestionViewController.xib; sourceTree = "<group>"; };
/* End PBXFileReference section */

/* Begin PBXFrameworksBuildPhase section */
		A20D427226E006E000CCD6DF /* Frameworks */ = {
			isa = PBXFrameworksBuildPhase;
			buildActionMask = 2147483647;
			files = (
			);
			runOnlyForDeploymentPostprocessing = 0;
		};
		A20D428826E006E300CCD6DF /* Frameworks */ = {
			isa = PBXFrameworksBuildPhase;
			buildActionMask = 2147483647;
			files = (
			);
			runOnlyForDeploymentPostprocessing = 0;
		};
		A20D429326E006E300CCD6DF /* Frameworks */ = {
			isa = PBXFrameworksBuildPhase;
			buildActionMask = 2147483647;
			files = (
			);
			runOnlyForDeploymentPostprocessing = 0;
		};
/* End PBXFrameworksBuildPhase section */

/* Begin PBXGroup section */
		A20D426C26E006E000CCD6DF = {
			isa = PBXGroup;
			children = (
				A20D427726E006E000CCD6DF /* QuizApp */,
				A20D428E26E006E300CCD6DF /* QuizAppTests */,
				A20D429926E006E300CCD6DF /* QuizAppUITests */,
				A20D427626E006E000CCD6DF /* Products */,
			);
			sourceTree = "<group>";
		};
		A20D427626E006E000CCD6DF /* Products */ = {
			isa = PBXGroup;
			children = (
				A20D427526E006E000CCD6DF /* QuizApp.app */,
				A20D428B26E006E300CCD6DF /* QuizAppTests.xctest */,
				A20D429626E006E300CCD6DF /* QuizAppUITests.xctest */,
			);
			name = Products;
			sourceTree = "<group>";
		};
		A20D427726E006E000CCD6DF /* QuizApp */ = {
			isa = PBXGroup;
			children = (
				A20D427826E006E000CCD6DF /* AppDelegate.swift */,
				A20D427A26E006E000CCD6DF /* SceneDelegate.swift */,
				A20D428126E006E300CCD6DF /* Assets.xcassets */,
				A20D428326E006E300CCD6DF /* LaunchScreen.storyboard */,
				A20D428626E006E300CCD6DF /* Info.plist */,
				A20D42B426E009D500CCD6DF /* QuestionViewController.swift */,
				A20D42B926E00AE300CCD6DF /* QuestionViewController.xib */,
			);
			path = QuizApp;
			sourceTree = "<group>";
		};
		A20D428E26E006E300CCD6DF /* QuizAppTests */ = {
			isa = PBXGroup;
			children = (
				A20D428F26E006E300CCD6DF /* QuizAppViewControllerTests.swift */,
				A20D429126E006E300CCD6DF /* Info.plist */,
			);
			path = QuizAppTests;
			sourceTree = "<group>";
		};
		A20D429926E006E300CCD6DF /* QuizAppUITests */ = {
			isa = PBXGroup;
			children = (
				A20D429A26E006E300CCD6DF /* QuizAppUITests.swift */,
				A20D429C26E006E300CCD6DF /* Info.plist */,
			);
			path = QuizAppUITests;
			sourceTree = "<group>";
		};
/* End PBXGroup section */

/* Begin PBXNativeTarget section */
		A20D427426E006E000CCD6DF /* QuizApp */ = {
			isa = PBXNativeTarget;
			buildConfigurationList = A20D429F26E006E400CCD6DF /* Build configuration list for PBXNativeTarget "QuizApp" */;
			buildPhases = (
				A20D427126E006E000CCD6DF /* Sources */,
				A20D427226E006E000CCD6DF /* Frameworks */,
				A20D427326E006E000CCD6DF /* Resources */,
			);
			buildRules = (
			);
			dependencies = (
			);
			name = QuizApp;
			productName = QuizApp;
			productReference = A20D427526E006E000CCD6DF /* QuizApp.app */;
			productType = "com.apple.product-type.application";
		};
		A20D428A26E006E300CCD6DF /* QuizAppTests */ = {
			isa = PBXNativeTarget;
			buildConfigurationList = A20D42A226E006E400CCD6DF /* Build configuration list for PBXNativeTarget "QuizAppTests" */;
			buildPhases = (
				A20D428726E006E300CCD6DF /* Sources */,
				A20D428826E006E300CCD6DF /* Frameworks */,
				A20D428926E006E300CCD6DF /* Resources */,
			);
			buildRules = (
			);
			dependencies = (
				A20D428D26E006E300CCD6DF /* PBXTargetDependency */,
			);
			name = QuizAppTests;
			productName = QuizAppTests;
			productReference = A20D428B26E006E300CCD6DF /* QuizAppTests.xctest */;
			productType = "com.apple.product-type.bundle.unit-test";
		};
		A20D429526E006E300CCD6DF /* QuizAppUITests */ = {
			isa = PBXNativeTarget;
			buildConfigurationList = A20D42A526E006E400CCD6DF /* Build configuration list for PBXNativeTarget "QuizAppUITests" */;
			buildPhases = (
				A20D429226E006E300CCD6DF /* Sources */,
				A20D429326E006E300CCD6DF /* Frameworks */,
				A20D429426E006E300CCD6DF /* Resources */,
			);
			buildRules = (
			);
			dependencies = (
				A20D429826E006E300CCD6DF /* PBXTargetDependency */,
			);
			name = QuizAppUITests;
			productName = QuizAppUITests;
			productReference = A20D429626E006E300CCD6DF /* QuizAppUITests.xctest */;
			productType = "com.apple.product-type.bundle.ui-testing";
		};
/* End PBXNativeTarget section */

/* Begin PBXProject section */
		A20D426D26E006E000CCD6DF /* Project object */ = {
			isa = PBXProject;
			attributes = {
				LastSwiftUpdateCheck = 1210;
				LastUpgradeCheck = 1210;
				TargetAttributes = {
					A20D427426E006E000CCD6DF = {
						CreatedOnToolsVersion = 12.1;
					};
					A20D428A26E006E300CCD6DF = {
						CreatedOnToolsVersion = 12.1;
						TestTargetID = A20D427426E006E000CCD6DF;
					};
					A20D429526E006E300CCD6DF = {
						CreatedOnToolsVersion = 12.1;
						TestTargetID = A20D427426E006E000CCD6DF;
					};
				};
			};
			buildConfigurationList = A20D427026E006E000CCD6DF /* Build configuration list for PBXProject "QuizApp" */;
			compatibilityVersion = "Xcode 9.3";
			developmentRegion = en;
			hasScannedForEncodings = 0;
			knownRegions = (
				en,
				Base,
			);
			mainGroup = A20D426C26E006E000CCD6DF;
			productRefGroup = A20D427626E006E000CCD6DF /* Products */;
			projectDirPath = "";
			projectRoot = "";
			targets = (
				A20D427426E006E000CCD6DF /* QuizApp */,
				A20D428A26E006E300CCD6DF /* QuizAppTests */,
				A20D429526E006E300CCD6DF /* QuizAppUITests */,
			);
		};
/* End PBXProject section */

/* Begin PBXResourcesBuildPhase section */
		A20D427326E006E000CCD6DF /* Resources */ = {
			isa = PBXResourcesBuildPhase;
			buildActionMask = 2147483647;
			files = (
				A20D428526E006E300CCD6DF /* LaunchScreen.storyboard in Resources */,
				A20D428226E006E300CCD6DF /* Assets.xcassets in Resources */,
				A20D42BA26E00AE300CCD6DF /* QuestionViewController.xib in Resources */,
			);
			runOnlyForDeploymentPostprocessing = 0;
		};
		A20D428926E006E300CCD6DF /* Resources */ = {
			isa = PBXResourcesBuildPhase;
			buildActionMask = 2147483647;
			files = (
			);
			runOnlyForDeploymentPostprocessing = 0;
		};
		A20D429426E006E300CCD6DF /* Resources */ = {
			isa = PBXResourcesBuildPhase;
			buildActionMask = 2147483647;
			files = (
			);
			runOnlyForDeploymentPostprocessing = 0;
		};
/* End PBXResourcesBuildPhase section */

/* Begin PBXSourcesBuildPhase section */
		A20D427126E006E000CCD6DF /* Sources */ = {
			isa = PBXSourcesBuildPhase;
			buildActionMask = 2147483647;
			files = (
				A20D427926E006E000CCD6DF /* AppDelegate.swift in Sources */,
				A20D427B26E006E000CCD6DF /* SceneDelegate.swift in Sources */,
				A20D42B526E009D500CCD6DF /* QuestionViewController.swift in Sources */,
			);
			runOnlyForDeploymentPostprocessing = 0;
		};
		A20D428726E006E300CCD6DF /* Sources */ = {
			isa = PBXSourcesBuildPhase;
			buildActionMask = 2147483647;
			files = (
				A20D429026E006E300CCD6DF /* QuizAppViewControllerTests.swift in Sources */,
			);
			runOnlyForDeploymentPostprocessing = 0;
		};
		A20D429226E006E300CCD6DF /* Sources */ = {
			isa = PBXSourcesBuildPhase;
			buildActionMask = 2147483647;
			files = (
				A20D429B26E006E300CCD6DF /* QuizAppUITests.swift in Sources */,
			);
			runOnlyForDeploymentPostprocessing = 0;
		};
/* End PBXSourcesBuildPhase section */

/* Begin PBXTargetDependency section */
		A20D428D26E006E300CCD6DF /* PBXTargetDependency */ = {
			isa = PBXTargetDependency;
			target = A20D427426E006E000CCD6DF /* QuizApp */;
			targetProxy = A20D428C26E006E300CCD6DF /* PBXContainerItemProxy */;
		};
		A20D429826E006E300CCD6DF /* PBXTargetDependency */ = {
			isa = PBXTargetDependency;
			target = A20D427426E006E000CCD6DF /* QuizApp */;
			targetProxy = A20D429726E006E300CCD6DF /* PBXContainerItemProxy */;
		};
/* End PBXTargetDependency section */

/* Begin PBXVariantGroup section */
		A20D428326E006E300CCD6DF /* LaunchScreen.storyboard */ = {
			isa = PBXVariantGroup;
			children = (
				A20D428426E006E300CCD6DF /* Base */,
			);
			name = LaunchScreen.storyboard;
			sourceTree = "<group>";
		};
/* End PBXVariantGroup section */

/* Begin XCBuildConfiguration section */
		A20D429D26E006E300CCD6DF /* Debug */ = {
			isa = XCBuildConfiguration;
			buildSettings = {
				ALWAYS_SEARCH_USER_PATHS = NO;
				CLANG_ANALYZER_NONNULL = YES;
				CLANG_ANALYZER_NUMBER_OBJECT_CONVERSION = YES_AGGRESSIVE;
				CLANG_CXX_LANGUAGE_STANDARD = "gnu++14";
				CLANG_CXX_LIBRARY = "libc++";
				CLANG_ENABLE_MODULES = YES;
				CLANG_ENABLE_OBJC_ARC = YES;
				CLANG_ENABLE_OBJC_WEAK = YES;
				CLANG_WARN_BLOCK_CAPTURE_AUTORELEASING = YES;
				CLANG_WARN_BOOL_CONVERSION = YES;
				CLANG_WARN_COMMA = YES;
				CLANG_WARN_CONSTANT_CONVERSION = YES;
				CLANG_WARN_DEPRECATED_OBJC_IMPLEMENTATIONS = YES;
				CLANG_WARN_DIRECT_OBJC_ISA_USAGE = YES_ERROR;
				CLANG_WARN_DOCUMENTATION_COMMENTS = YES;
				CLANG_WARN_EMPTY_BODY = YES;
				CLANG_WARN_ENUM_CONVERSION = YES;
				CLANG_WARN_INFINITE_RECURSION = YES;
				CLANG_WARN_INT_CONVERSION = YES;
				CLANG_WARN_NON_LITERAL_NULL_CONVERSION = YES;
				CLANG_WARN_OBJC_IMPLICIT_RETAIN_SELF = YES;
				CLANG_WARN_OBJC_LITERAL_CONVERSION = YES;
				CLANG_WARN_OBJC_ROOT_CLASS = YES_ERROR;
				CLANG_WARN_QUOTED_INCLUDE_IN_FRAMEWORK_HEADER = YES;
				CLANG_WARN_RANGE_LOOP_ANALYSIS = YES;
				CLANG_WARN_STRICT_PROTOTYPES = YES;
				CLANG_WARN_SUSPICIOUS_MOVE = YES;
				CLANG_WARN_UNGUARDED_AVAILABILITY = YES_AGGRESSIVE;
				CLANG_WARN_UNREACHABLE_CODE = YES;
				CLANG_WARN__DUPLICATE_METHOD_MATCH = YES;
				COPY_PHASE_STRIP = NO;
				DEBUG_INFORMATION_FORMAT = dwarf;
				ENABLE_STRICT_OBJC_MSGSEND = YES;
				ENABLE_TESTABILITY = YES;
				GCC_C_LANGUAGE_STANDARD = gnu11;
				GCC_DYNAMIC_NO_PIC = NO;
				GCC_NO_COMMON_BLOCKS = YES;
				GCC_OPTIMIZATION_LEVEL = 0;
				GCC_PREPROCESSOR_DEFINITIONS = (
					"DEBUG=1",
					"$(inherited)",
				);
				GCC_WARN_64_TO_32_BIT_CONVERSION = YES;
				GCC_WARN_ABOUT_RETURN_TYPE = YES_ERROR;
				GCC_WARN_UNDECLARED_SELECTOR = YES;
				GCC_WARN_UNINITIALIZED_AUTOS = YES_AGGRESSIVE;
				GCC_WARN_UNUSED_FUNCTION = YES;
				GCC_WARN_UNUSED_VARIABLE = YES;
				IPHONEOS_DEPLOYMENT_TARGET = 14.1;
				MTL_ENABLE_DEBUG_INFO = INCLUDE_SOURCE;
				MTL_FAST_MATH = YES;
				ONLY_ACTIVE_ARCH = YES;
				SDKROOT = iphoneos;
				SWIFT_ACTIVE_COMPILATION_CONDITIONS = DEBUG;
				SWIFT_OPTIMIZATION_LEVEL = "-Onone";
			};
			name = Debug;
		};
		A20D429E26E006E300CCD6DF /* Release */ = {
			isa = XCBuildConfiguration;
			buildSettings = {
				ALWAYS_SEARCH_USER_PATHS = NO;
				CLANG_ANALYZER_NONNULL = YES;
				CLANG_ANALYZER_NUMBER_OBJECT_CONVERSION = YES_AGGRESSIVE;
				CLANG_CXX_LANGUAGE_STANDARD = "gnu++14";
				CLANG_CXX_LIBRARY = "libc++";
				CLANG_ENABLE_MODULES = YES;
				CLANG_ENABLE_OBJC_ARC = YES;
				CLANG_ENABLE_OBJC_WEAK = YES;
				CLANG_WARN_BLOCK_CAPTURE_AUTORELEASING = YES;
				CLANG_WARN_BOOL_CONVERSION = YES;
				CLANG_WARN_COMMA = YES;
				CLANG_WARN_CONSTANT_CONVERSION = YES;
				CLANG_WARN_DEPRECATED_OBJC_IMPLEMENTATIONS = YES;
				CLANG_WARN_DIRECT_OBJC_ISA_USAGE = YES_ERROR;
				CLANG_WARN_DOCUMENTATION_COMMENTS = YES;
				CLANG_WARN_EMPTY_BODY = YES;
				CLANG_WARN_ENUM_CONVERSION = YES;
				CLANG_WARN_INFINITE_RECURSION = YES;
				CLANG_WARN_INT_CONVERSION = YES;
				CLANG_WARN_NON_LITERAL_NULL_CONVERSION = YES;
				CLANG_WARN_OBJC_IMPLICIT_RETAIN_SELF = YES;
				CLANG_WARN_OBJC_LITERAL_CONVERSION = YES;
				CLANG_WARN_OBJC_ROOT_CLASS = YES_ERROR;
				CLANG_WARN_QUOTED_INCLUDE_IN_FRAMEWORK_HEADER = YES;
				CLANG_WARN_RANGE_LOOP_ANALYSIS = YES;
				CLANG_WARN_STRICT_PROTOTYPES = YES;
				CLANG_WARN_SUSPICIOUS_MOVE = YES;
				CLANG_WARN_UNGUARDED_AVAILABILITY = YES_AGGRESSIVE;
				CLANG_WARN_UNREACHABLE_CODE = YES;
				CLANG_WARN__DUPLICATE_METHOD_MATCH = YES;
				COPY_PHASE_STRIP = NO;
				DEBUG_INFORMATION_FORMAT = "dwarf-with-dsym";
				ENABLE_NS_ASSERTIONS = NO;
				ENABLE_STRICT_OBJC_MSGSEND = YES;
				GCC_C_LANGUAGE_STANDARD = gnu11;
				GCC_NO_COMMON_BLOCKS = YES;
				GCC_WARN_64_TO_32_BIT_CONVERSION = YES;
				GCC_WARN_ABOUT_RETURN_TYPE = YES_ERROR;
				GCC_WARN_UNDECLARED_SELECTOR = YES;
				GCC_WARN_UNINITIALIZED_AUTOS = YES_AGGRESSIVE;
				GCC_WARN_UNUSED_FUNCTION = YES;
				GCC_WARN_UNUSED_VARIABLE = YES;
				IPHONEOS_DEPLOYMENT_TARGET = 14.1;
				MTL_ENABLE_DEBUG_INFO = NO;
				MTL_FAST_MATH = YES;
				SDKROOT = iphoneos;
				SWIFT_COMPILATION_MODE = wholemodule;
				SWIFT_OPTIMIZATION_LEVEL = "-O";
				VALIDATE_PRODUCT = YES;
			};
			name = Release;
		};
		A20D42A026E006E400CCD6DF /* Debug */ = {
			isa = XCBuildConfiguration;
			buildSettings = {
				ASSETCATALOG_COMPILER_APPICON_NAME = AppIcon;
				ASSETCATALOG_COMPILER_GLOBAL_ACCENT_COLOR_NAME = AccentColor;
				CODE_SIGN_STYLE = Automatic;
				DEVELOPMENT_TEAM = J2US67ZCMB;
				INFOPLIST_FILE = QuizApp/Info.plist;
				LD_RUNPATH_SEARCH_PATHS = (
					"$(inherited)",
					"@executable_path/Frameworks",
				);
				PRODUCT_BUNDLE_IDENTIFIER = works.cher.QuizApp;
				PRODUCT_NAME = "$(TARGET_NAME)";
				SWIFT_VERSION = 5.0;
				TARGETED_DEVICE_FAMILY = "1,2";
			};
			name = Debug;
		};
		A20D42A126E006E400CCD6DF /* Release */ = {
			isa = XCBuildConfiguration;
			buildSettings = {
				ASSETCATALOG_COMPILER_APPICON_NAME = AppIcon;
				ASSETCATALOG_COMPILER_GLOBAL_ACCENT_COLOR_NAME = AccentColor;
				CODE_SIGN_STYLE = Automatic;
				DEVELOPMENT_TEAM = J2US67ZCMB;
				INFOPLIST_FILE = QuizApp/Info.plist;
				LD_RUNPATH_SEARCH_PATHS = (
					"$(inherited)",
					"@executable_path/Frameworks",
				);
				PRODUCT_BUNDLE_IDENTIFIER = works.cher.QuizApp;
				PRODUCT_NAME = "$(TARGET_NAME)";
				SWIFT_VERSION = 5.0;
				TARGETED_DEVICE_FAMILY = "1,2";
			};
			name = Release;
		};
		A20D42A326E006E400CCD6DF /* Debug */ = {
			isa = XCBuildConfiguration;
			buildSettings = {
				ALWAYS_EMBED_SWIFT_STANDARD_LIBRARIES = YES;
				BUNDLE_LOADER = "$(TEST_HOST)";
				CODE_SIGN_STYLE = Automatic;
				DEVELOPMENT_TEAM = J2US67ZCMB;
				INFOPLIST_FILE = QuizAppTests/Info.plist;
				IPHONEOS_DEPLOYMENT_TARGET = 14.1;
				LD_RUNPATH_SEARCH_PATHS = (
					"$(inherited)",
					"@executable_path/Frameworks",
					"@loader_path/Frameworks",
				);
				PRODUCT_BUNDLE_IDENTIFIER = works.cher.QuizAppTests;
				PRODUCT_NAME = "$(TARGET_NAME)";
				SWIFT_VERSION = 5.0;
				TARGETED_DEVICE_FAMILY = "1,2";
				TEST_HOST = "$(BUILT_PRODUCTS_DIR)/QuizApp.app/QuizApp";
			};
			name = Debug;
		};
		A20D42A426E006E400CCD6DF /* Release */ = {
			isa = XCBuildConfiguration;
			buildSettings = {
				ALWAYS_EMBED_SWIFT_STANDARD_LIBRARIES = YES;
				BUNDLE_LOADER = "$(TEST_HOST)";
				CODE_SIGN_STYLE = Automatic;
				DEVELOPMENT_TEAM = J2US67ZCMB;
				INFOPLIST_FILE = QuizAppTests/Info.plist;
				IPHONEOS_DEPLOYMENT_TARGET = 14.1;
				LD_RUNPATH_SEARCH_PATHS = (
					"$(inherited)",
					"@executable_path/Frameworks",
					"@loader_path/Frameworks",
				);
				PRODUCT_BUNDLE_IDENTIFIER = works.cher.QuizAppTests;
				PRODUCT_NAME = "$(TARGET_NAME)";
				SWIFT_VERSION = 5.0;
				TARGETED_DEVICE_FAMILY = "1,2";
				TEST_HOST = "$(BUILT_PRODUCTS_DIR)/QuizApp.app/QuizApp";
			};
			name = Release;
		};
		A20D42A626E006E400CCD6DF /* Debug */ = {
			isa = XCBuildConfiguration;
			buildSettings = {
				ALWAYS_EMBED_SWIFT_STANDARD_LIBRARIES = YES;
				CODE_SIGN_STYLE = Automatic;
				DEVELOPMENT_TEAM = J2US67ZCMB;
				INFOPLIST_FILE = QuizAppUITests/Info.plist;
				LD_RUNPATH_SEARCH_PATHS = (
					"$(inherited)",
					"@executable_path/Frameworks",
					"@loader_path/Frameworks",
				);
				PRODUCT_BUNDLE_IDENTIFIER = works.cher.QuizAppUITests;
				PRODUCT_NAME = "$(TARGET_NAME)";
				SWIFT_VERSION = 5.0;
				TARGETED_DEVICE_FAMILY = "1,2";
				TEST_TARGET_NAME = QuizApp;
			};
			name = Debug;
		};
		A20D42A726E006E400CCD6DF /* Release */ = {
			isa = XCBuildConfiguration;
			buildSettings = {
				ALWAYS_EMBED_SWIFT_STANDARD_LIBRARIES = YES;
				CODE_SIGN_STYLE = Automatic;
				DEVELOPMENT_TEAM = J2US67ZCMB;
				INFOPLIST_FILE = QuizAppUITests/Info.plist;
				LD_RUNPATH_SEARCH_PATHS = (
					"$(inherited)",
					"@executable_path/Frameworks",
					"@loader_path/Frameworks",
				);
				PRODUCT_BUNDLE_IDENTIFIER = works.cher.QuizAppUITests;
				PRODUCT_NAME = "$(TARGET_NAME)";
				SWIFT_VERSION = 5.0;
				TARGETED_DEVICE_FAMILY = "1,2";
				TEST_TARGET_NAME = QuizApp;
			};
			name = Release;
		};
/* End XCBuildConfiguration section */

/* Begin XCConfigurationList section */
		A20D427026E006E000CCD6DF /* Build configuration list for PBXProject "QuizApp" */ = {
			isa = XCConfigurationList;
			buildConfigurations = (
				A20D429D26E006E300CCD6DF /* Debug */,
				A20D429E26E006E300CCD6DF /* Release */,
			);
			defaultConfigurationIsVisible = 0;
			defaultConfigurationName = Release;
		};
		A20D429F26E006E400CCD6DF /* Build configuration list for PBXNativeTarget "QuizApp" */ = {
			isa = XCConfigurationList;
			buildConfigurations = (
				A20D42A026E006E400CCD6DF /* Debug */,
				A20D42A126E006E400CCD6DF /* Release */,
			);
			defaultConfigurationIsVisible = 0;
			defaultConfigurationName = Release;
		};
		A20D42A226E006E400CCD6DF /* Build configuration list for PBXNativeTarget "QuizAppTests" */ = {
			isa = XCConfigurationList;
			buildConfigurations = (
				A20D42A326E006E400CCD6DF /* Debug */,
				A20D42A426E006E400CCD6DF /* Release */,
			);
			defaultConfigurationIsVisible = 0;
			defaultConfigurationName = Release;
		};
		A20D42A526E006E400CCD6DF /* Build configuration list for PBXNativeTarget "QuizAppUITests" */ = {
			isa = XCConfigurationList;
			buildConfigurations = (
				A20D42A626E006E400CCD6DF /* Debug */,
				A20D42A726E006E400CCD6DF /* Release */,
			);
			defaultConfigurationIsVisible = 0;
			defaultConfigurationName = Release;
		};
/* End XCConfigurationList section */
	};
	rootObject = A20D426D26E006E000CCD6DF /* Project object */;
}
